
Microsoft Visual Studio Solution File, Format Version 12.00
# Visual Studio Version 16
VisualStudioVersion = 16.0.30523.141
MinimumVisualStudioVersion = 10.0.40219.1
Project("{FAE04EC0-301F-11D3-BF4B-00C04F79EFBC}") = "UniLine", "UniLine.csproj", "{BD5EF718-B99C-4B4C-8A61-8C36153C0A88}"
EndProject
Global
	GlobalSection(SolutionConfigurationPlatforms) = preSolution
		Debug|Any CPU = Debug|Any CPU
		Release|Any CPU = Release|Any CPU
	EndGlobalSection
	GlobalSection(ProjectConfigurationPlatforms) = postSolution
		{BD5EF718-B99C-4B4C-8A61-8C36153C0A88}.Debug|Any CPU.ActiveCfg = Debug|Any CPU
		{BD5EF718-B99C-4B4C-8A61-8C36153C0A88}.Debug|Any CPU.Build.0 = Debug|Any CPU
		{BD5EF718-B99C-4B4C-8A61-8C36153C0A88}.Release|Any CPU.ActiveCfg = Release|Any CPU
		{BD5EF718-B99C-4B4C-8A61-8C36153C0A88}.Release|Any CPU.Build.0 = Release|Any CPU
	EndGlobalSection
	GlobalSection(SolutionProperties) = preSolution
		HideSolutionNode = FALSE
	EndGlobalSection
	GlobalSection(ExtensibilityGlobals) = postSolution
		SolutionGuid = {5C2C04F2-C190-4799-8F67-5C4A21881573}
	EndGlobalSection
EndGlobal
